
Microsoft Visual Studio Solution File, Format Version 12.00
# Visual Studio 15
VisualStudioVersion = 15.0.28307.168
MinimumVisualStudioVersion = 10.0.40219.1
Project("{FAE04EC0-301F-11D3-BF4B-00C04F79EFBC}") = "ConsoleAppNetFramework", "ConsoleAppNetFramework\ConsoleAppNetFramework.csproj", "{AA9BC13E-4BA2-4F10-AF93-173DC183486C}"
EndProject
Project("{FAE04EC0-301F-11D3-BF4B-00C04F79EFBC}") = "ConsoleAppNetCore", "ConsoleAppNetCore\ConsoleAppNetCore.csproj", "{4249B4E6-B9D2-4906-9B27-F80900BDC478}"
EndProject
Global
	GlobalSection(SolutionConfigurationPlatforms) = preSolution
		Debug|Any CPU = Debug|Any CPU
		Release|Any CPU = Release|Any CPU
	EndGlobalSection
	GlobalSection(ProjectConfigurationPlatforms) = postSolution
		{AA9BC13E-4BA2-4F10-AF93-173DC183486C}.Debug|Any CPU.ActiveCfg = Debug|Any CPU
		{AA9BC13E-4BA2-4F10-AF93-173DC183486C}.Debug|Any CPU.Build.0 = Debug|Any CPU
		{AA9BC13E-4BA2-4F10-AF93-173DC183486C}.Release|Any CPU.ActiveCfg = Release|Any CPU
		{AA9BC13E-4BA2-4F10-AF93-173DC183486C}.Release|Any CPU.Build.0 = Release|Any CPU
		{4249B4E6-B9D2-4906-9B27-F80900BDC478}.Debug|Any CPU.ActiveCfg = Debug|Any CPU
		{4249B4E6-B9D2-4906-9B27-F80900BDC478}.Debug|Any CPU.Build.0 = Debug|Any CPU
		{4249B4E6-B9D2-4906-9B27-F80900BDC478}.Release|Any CPU.ActiveCfg = Release|Any CPU
		{4249B4E6-B9D2-4906-9B27-F80900BDC478}.Release|Any CPU.Build.0 = Release|Any CPU
	EndGlobalSection
	GlobalSection(SolutionProperties) = preSolution
		HideSolutionNode = FALSE
	EndGlobalSection
	GlobalSection(ExtensibilityGlobals) = postSolution
		SolutionGuid = {CD63B55D-0899-4B41-8158-521BC4183F92}
	EndGlobalSection
EndGlobal
